
Microsoft Visual Studio Solution File, Format Version 12.00
# Visual Studio Version 17
VisualStudioVersion = 17.11.35327.3
MinimumVisualStudioVersion = 10.0.40219.1
Project("{FAE04EC0-301F-11D3-BF4B-00C04F79EFBC}") = "Futboltaller", "Futboltaller\Futboltaller.csproj", "{1939D0B8-B6D8-4E47-9C1B-9B821D2E89F7}"
EndProject
Global
	GlobalSection(SolutionConfigurationPlatforms) = preSolution
		Debug|Any CPU = Debug|Any CPU
		Release|Any CPU = Release|Any CPU
	EndGlobalSection
	GlobalSection(ProjectConfigurationPlatforms) = postSolution
		{1939D0B8-B6D8-4E47-9C1B-9B821D2E89F7}.Debug|Any CPU.ActiveCfg = Debug|Any CPU
		{1939D0B8-B6D8-4E47-9C1B-9B821D2E89F7}.Debug|Any CPU.Build.0 = Debug|Any CPU
		{1939D0B8-B6D8-4E47-9C1B-9B821D2E89F7}.Release|Any CPU.ActiveCfg = Release|Any CPU
		{1939D0B8-B6D8-4E47-9C1B-9B821D2E89F7}.Release|Any CPU.Build.0 = Release|Any CPU
	EndGlobalSection
	GlobalSection(SolutionProperties) = preSolution
		HideSolutionNode = FALSE
	EndGlobalSection
	GlobalSection(ExtensibilityGlobals) = postSolution
		SolutionGuid = {FFA93576-DB9E-409F-B899-1E30409C6F32}
	EndGlobalSection
EndGlobal
